
Microsoft Visual Studio Solution File, Format Version 12.00
# Visual Studio 15
VisualStudioVersion = 15.0.26124.0
MinimumVisualStudioVersion = 15.0.26124.0
Project("{2150E333-8FDC-42A3-9474-1A3956D46DE8}") = "Domain", "Domain", "{A02D8E0A-0274-48EF-9726-311451C3D4D2}"
EndProject
Project("{FAE04EC0-301F-11D3-BF4B-00C04F79EFBC}") = "MicroRabbit.Domain.Core", "Domain\MicroRabbit.Domain.Core\MicroRabbit.Domain.Core.csproj", "{0CB51222-4714-4DE4-B319-EAFF50B9CBC4}"
EndProject
Project("{2150E333-8FDC-42A3-9474-1A3956D46DE8}") = "Infra.Bus", "Infra.Bus", "{85FBE848-F890-494B-B9C6-15977240432B}"
EndProject
Project("{FAE04EC0-301F-11D3-BF4B-00C04F79EFBC}") = "MicroRabbit.Infra.Bus", "Infra.Bus\MicroRabbit.Infra.Bus\MicroRabbit.Infra.Bus.csproj", "{909B80BC-408B-4066-A58D-66E9ECF475AE}"
EndProject
Project("{2150E333-8FDC-42A3-9474-1A3956D46DE8}") = "Infra.IoC", "Infra.IoC", "{703A0718-AF45-4EB6-87E9-11C2055ACC19}"
EndProject
Project("{FAE04EC0-301F-11D3-BF4B-00C04F79EFBC}") = "MicroRabbit.Infra.IoC", "Infra.IoC\MicroRabbit.Infra.IoC\MicroRabbit.Infra.IoC.csproj", "{A6A6D586-743E-4868-AC4F-989A5D259A0B}"
EndProject
Project("{2150E333-8FDC-42A3-9474-1A3956D46DE8}") = "MicroServices", "MicroServices", "{1CAD787C-3643-48DD-BFFB-775F22206185}"
EndProject
Project("{2150E333-8FDC-42A3-9474-1A3956D46DE8}") = "Banking", "Banking", "{BD2EEC62-7C36-4428-8EE3-1C081B34D4E6}"
EndProject
Project("{2150E333-8FDC-42A3-9474-1A3956D46DE8}") = "Api", "Api", "{2D3C26E8-FAA0-409B-A4B0-E16535999D3C}"
EndProject
Project("{FAE04EC0-301F-11D3-BF4B-00C04F79EFBC}") = "MicroRabbit.Banking.Api", "MicroServices\Banking\Api\MicroRabbit.Banking.Api\MicroRabbit.Banking.Api.csproj", "{D8A1E3C9-B03C-4252-AEAC-8EFEAF7625A8}"
EndProject
Project("{2150E333-8FDC-42A3-9474-1A3956D46DE8}") = "Application", "Application", "{88C61BFE-10A2-4D97-8303-CE51B39C1440}"
EndProject
Project("{FAE04EC0-301F-11D3-BF4B-00C04F79EFBC}") = "MicroRabbit.Banking.Application", "MicroServices\Banking\Application\MicroRabbit.Banking.Application\MicroRabbit.Banking.Application.csproj", "{BF21965A-4F81-450F-ACC1-E00BF4E47924}"
EndProject
Project("{2150E333-8FDC-42A3-9474-1A3956D46DE8}") = "Data", "Data", "{B02E6A3F-4EF0-431A-B2AD-15944F159515}"
EndProject
Project("{FAE04EC0-301F-11D3-BF4B-00C04F79EFBC}") = "MicroRabbit.Banking.Data", "MicroServices\Banking\Data\MicroRabbit.Banking.Data\MicroRabbit.Banking.Data.csproj", "{CC74841D-3CA0-444C-BA30-575F2FE0E463}"
EndProject
Project("{2150E333-8FDC-42A3-9474-1A3956D46DE8}") = "Domain", "Domain", "{2B43567C-84B3-48D1-875F-CF445B498D99}"
EndProject
Project("{FAE04EC0-301F-11D3-BF4B-00C04F79EFBC}") = "MicroRabbit.Banking.Domain", "MicroServices\Banking\Domain\MicroRabbit.Banking.Domain\MicroRabbit.Banking.Domain.csproj", "{2E3A51F6-A7C8-406D-872A-28BBB69CFDCA}"
EndProject
Global
	GlobalSection(SolutionConfigurationPlatforms) = preSolution
		Debug|Any CPU = Debug|Any CPU
		Debug|x64 = Debug|x64
		Debug|x86 = Debug|x86
		Release|Any CPU = Release|Any CPU
		Release|x64 = Release|x64
		Release|x86 = Release|x86
	EndGlobalSection
	GlobalSection(SolutionProperties) = preSolution
		HideSolutionNode = FALSE
	EndGlobalSection
	GlobalSection(ProjectConfigurationPlatforms) = postSolution
		{0CB51222-4714-4DE4-B319-EAFF50B9CBC4}.Debug|Any CPU.ActiveCfg = Debug|Any CPU
		{0CB51222-4714-4DE4-B319-EAFF50B9CBC4}.Debug|Any CPU.Build.0 = Debug|Any CPU
		{0CB51222-4714-4DE4-B319-EAFF50B9CBC4}.Debug|x64.ActiveCfg = Debug|Any CPU
		{0CB51222-4714-4DE4-B319-EAFF50B9CBC4}.Debug|x64.Build.0 = Debug|Any CPU
		{0CB51222-4714-4DE4-B319-EAFF50B9CBC4}.Debug|x86.ActiveCfg = Debug|Any CPU
		{0CB51222-4714-4DE4-B319-EAFF50B9CBC4}.Debug|x86.Build.0 = Debug|Any CPU
		{0CB51222-4714-4DE4-B319-EAFF50B9CBC4}.Release|Any CPU.ActiveCfg = Release|Any CPU
		{0CB51222-4714-4DE4-B319-EAFF50B9CBC4}.Release|Any CPU.Build.0 = Release|Any CPU
		{0CB51222-4714-4DE4-B319-EAFF50B9CBC4}.Release|x64.ActiveCfg = Release|Any CPU
		{0CB51222-4714-4DE4-B319-EAFF50B9CBC4}.Release|x64.Build.0 = Release|Any CPU
		{0CB51222-4714-4DE4-B319-EAFF50B9CBC4}.Release|x86.ActiveCfg = Release|Any CPU
		{0CB51222-4714-4DE4-B319-EAFF50B9CBC4}.Release|x86.Build.0 = Release|Any CPU
		{909B80BC-408B-4066-A58D-66E9ECF475AE}.Debug|Any CPU.ActiveCfg = Debug|Any CPU
		{909B80BC-408B-4066-A58D-66E9ECF475AE}.Debug|Any CPU.Build.0 = Debug|Any CPU
		{909B80BC-408B-4066-A58D-66E9ECF475AE}.Debug|x64.ActiveCfg = Debug|Any CPU
		{909B80BC-408B-4066-A58D-66E9ECF475AE}.Debug|x64.Build.0 = Debug|Any CPU
		{909B80BC-408B-4066-A58D-66E9ECF475AE}.Debug|x86.ActiveCfg = Debug|Any CPU
		{909B80BC-408B-4066-A58D-66E9ECF475AE}.Debug|x86.Build.0 = Debug|Any CPU
		{909B80BC-408B-4066-A58D-66E9ECF475AE}.Release|Any CPU.ActiveCfg = Release|Any CPU
		{909B80BC-408B-4066-A58D-66E9ECF475AE}.Release|Any CPU.Build.0 = Release|Any CPU
		{909B80BC-408B-4066-A58D-66E9ECF475AE}.Release|x64.ActiveCfg = Release|Any CPU
		{909B80BC-408B-4066-A58D-66E9ECF475AE}.Release|x64.Build.0 = Release|Any CPU
		{909B80BC-408B-4066-A58D-66E9ECF475AE}.Release|x86.ActiveCfg = Release|Any CPU
		{909B80BC-408B-4066-A58D-66E9ECF475AE}.Release|x86.Build.0 = Release|Any CPU
		{A6A6D586-743E-4868-AC4F-989A5D259A0B}.Debug|Any CPU.ActiveCfg = Debug|Any CPU
		{A6A6D586-743E-4868-AC4F-989A5D259A0B}.Debug|Any CPU.Build.0 = Debug|Any CPU
		{A6A6D586-743E-4868-AC4F-989A5D259A0B}.Debug|x64.ActiveCfg = Debug|Any CPU
		{A6A6D586-743E-4868-AC4F-989A5D259A0B}.Debug|x64.Build.0 = Debug|Any CPU
		{A6A6D586-743E-4868-AC4F-989A5D259A0B}.Debug|x86.ActiveCfg = Debug|Any CPU
		{A6A6D586-743E-4868-AC4F-989A5D259A0B}.Debug|x86.Build.0 = Debug|Any CPU
		{A6A6D586-743E-4868-AC4F-989A5D259A0B}.Release|Any CPU.ActiveCfg = Release|Any CPU
		{A6A6D586-743E-4868-AC4F-989A5D259A0B}.Release|Any CPU.Build.0 = Release|Any CPU
		{A6A6D586-743E-4868-AC4F-989A5D259A0B}.Release|x64.ActiveCfg = Release|Any CPU
		{A6A6D586-743E-4868-AC4F-989A5D259A0B}.Release|x64.Build.0 = Release|Any CPU
		{A6A6D586-743E-4868-AC4F-989A5D259A0B}.Release|x86.ActiveCfg = Release|Any CPU
		{A6A6D586-743E-4868-AC4F-989A5D259A0B}.Release|x86.Build.0 = Release|Any CPU
		{D8A1E3C9-B03C-4252-AEAC-8EFEAF7625A8}.Debug|Any CPU.ActiveCfg = Debug|Any CPU
		{D8A1E3C9-B03C-4252-AEAC-8EFEAF7625A8}.Debug|Any CPU.Build.0 = Debug|Any CPU
		{D8A1E3C9-B03C-4252-AEAC-8EFEAF7625A8}.Debug|x64.ActiveCfg = Debug|Any CPU
		{D8A1E3C9-B03C-4252-AEAC-8EFEAF7625A8}.Debug|x64.Build.0 = Debug|Any CPU
		{D8A1E3C9-B03C-4252-AEAC-8EFEAF7625A8}.Debug|x86.ActiveCfg = Debug|Any CPU
		{D8A1E3C9-B03C-4252-AEAC-8EFEAF7625A8}.Debug|x86.Build.0 = Debug|Any CPU
		{D8A1E3C9-B03C-4252-AEAC-8EFEAF7625A8}.Release|Any CPU.ActiveCfg = Release|Any CPU
		{D8A1E3C9-B03C-4252-AEAC-8EFEAF7625A8}.Release|Any CPU.Build.0 = Release|Any CPU
		{D8A1E3C9-B03C-4252-AEAC-8EFEAF7625A8}.Release|x64.ActiveCfg = Release|Any CPU
		{D8A1E3C9-B03C-4252-AEAC-8EFEAF7625A8}.Release|x64.Build.0 = Release|Any CPU
		{D8A1E3C9-B03C-4252-AEAC-8EFEAF7625A8}.Release|x86.ActiveCfg = Release|Any CPU
		{D8A1E3C9-B03C-4252-AEAC-8EFEAF7625A8}.Release|x86.Build.0 = Release|Any CPU
		{BF21965A-4F81-450F-ACC1-E00BF4E47924}.Debug|Any CPU.ActiveCfg = Debug|Any CPU
		{BF21965A-4F81-450F-ACC1-E00BF4E47924}.Debug|Any CPU.Build.0 = Debug|Any CPU
		{BF21965A-4F81-450F-ACC1-E00BF4E47924}.Debug|x64.ActiveCfg = Debug|Any CPU
		{BF21965A-4F81-450F-ACC1-E00BF4E47924}.Debug|x64.Build.0 = Debug|Any CPU
		{BF21965A-4F81-450F-ACC1-E00BF4E47924}.Debug|x86.ActiveCfg = Debug|Any CPU
		{BF21965A-4F81-450F-ACC1-E00BF4E47924}.Debug|x86.Build.0 = Debug|Any CPU
		{BF21965A-4F81-450F-ACC1-E00BF4E47924}.Release|Any CPU.ActiveCfg = Release|Any CPU
		{BF21965A-4F81-450F-ACC1-E00BF4E47924}.Release|Any CPU.Build.0 = Release|Any CPU
		{BF21965A-4F81-450F-ACC1-E00BF4E47924}.Release|x64.ActiveCfg = Release|Any CPU
		{BF21965A-4F81-450F-ACC1-E00BF4E47924}.Release|x64.Build.0 = Release|Any CPU
		{BF21965A-4F81-450F-ACC1-E00BF4E47924}.Release|x86.ActiveCfg = Release|Any CPU
		{BF21965A-4F81-450F-ACC1-E00BF4E47924}.Release|x86.Build.0 = Release|Any CPU
		{CC74841D-3CA0-444C-BA30-575F2FE0E463}.Debug|Any CPU.ActiveCfg = Debug|Any CPU
		{CC74841D-3CA0-444C-BA30-575F2FE0E463}.Debug|Any CPU.Build.0 = Debug|Any CPU
		{CC74841D-3CA0-444C-BA30-575F2FE0E463}.Debug|x64.ActiveCfg = Debug|Any CPU
		{CC74841D-3CA0-444C-BA30-575F2FE0E463}.Debug|x64.Build.0 = Debug|Any CPU
		{CC74841D-3CA0-444C-BA30-575F2FE0E463}.Debug|x86.ActiveCfg = Debug|Any CPU
		{CC74841D-3CA0-444C-BA30-575F2FE0E463}.Debug|x86.Build.0 = Debug|Any CPU
		{CC74841D-3CA0-444C-BA30-575F2FE0E463}.Release|Any CPU.ActiveCfg = Release|Any CPU
		{CC74841D-3CA0-444C-BA30-575F2FE0E463}.Release|Any CPU.Build.0 = Release|Any CPU
		{CC74841D-3CA0-444C-BA30-575F2FE0E463}.Release|x64.ActiveCfg = Release|Any CPU
		{CC74841D-3CA0-444C-BA30-575F2FE0E463}.Release|x64.Build.0 = Release|Any CPU
		{CC74841D-3CA0-444C-BA30-575F2FE0E463}.Release|x86.ActiveCfg = Release|Any CPU
		{CC74841D-3CA0-444C-BA30-575F2FE0E463}.Release|x86.Build.0 = Release|Any CPU
		{2E3A51F6-A7C8-406D-872A-28BBB69CFDCA}.Debug|Any CPU.ActiveCfg = Debug|Any CPU
		{2E3A51F6-A7C8-406D-872A-28BBB69CFDCA}.Debug|Any CPU.Build.0 = Debug|Any CPU
		{2E3A51F6-A7C8-406D-872A-28BBB69CFDCA}.Debug|x64.ActiveCfg = Debug|Any CPU
		{2E3A51F6-A7C8-406D-872A-28BBB69CFDCA}.Debug|x64.Build.0 = Debug|Any CPU
		{2E3A51F6-A7C8-406D-872A-28BBB69CFDCA}.Debug|x86.ActiveCfg = Debug|Any CPU
		{2E3A51F6-A7C8-406D-872A-28BBB69CFDCA}.Debug|x86.Build.0 = Debug|Any CPU
		{2E3A51F6-A7C8-406D-872A-28BBB69CFDCA}.Release|Any CPU.ActiveCfg = Release|Any CPU
		{2E3A51F6-A7C8-406D-872A-28BBB69CFDCA}.Release|Any CPU.Build.0 = Release|Any CPU
		{2E3A51F6-A7C8-406D-872A-28BBB69CFDCA}.Release|x64.ActiveCfg = Release|Any CPU
		{2E3A51F6-A7C8-406D-872A-28BBB69CFDCA}.Release|x64.Build.0 = Release|Any CPU
		{2E3A51F6-A7C8-406D-872A-28BBB69CFDCA}.Release|x86.ActiveCfg = Release|Any CPU
		{2E3A51F6-A7C8-406D-872A-28BBB69CFDCA}.Release|x86.Build.0 = Release|Any CPU
	EndGlobalSection
	GlobalSection(NestedProjects) = preSolution
		{0CB51222-4714-4DE4-B319-EAFF50B9CBC4} = {A02D8E0A-0274-48EF-9726-311451C3D4D2}
		{909B80BC-408B-4066-A58D-66E9ECF475AE} = {85FBE848-F890-494B-B9C6-15977240432B}
		{A6A6D586-743E-4868-AC4F-989A5D259A0B} = {703A0718-AF45-4EB6-87E9-11C2055ACC19}
		{BD2EEC62-7C36-4428-8EE3-1C081B34D4E6} = {1CAD787C-3643-48DD-BFFB-775F22206185}
		{2D3C26E8-FAA0-409B-A4B0-E16535999D3C} = {BD2EEC62-7C36-4428-8EE3-1C081B34D4E6}
		{D8A1E3C9-B03C-4252-AEAC-8EFEAF7625A8} = {2D3C26E8-FAA0-409B-A4B0-E16535999D3C}
		{88C61BFE-10A2-4D97-8303-CE51B39C1440} = {BD2EEC62-7C36-4428-8EE3-1C081B34D4E6}
		{BF21965A-4F81-450F-ACC1-E00BF4E47924} = {88C61BFE-10A2-4D97-8303-CE51B39C1440}
		{B02E6A3F-4EF0-431A-B2AD-15944F159515} = {BD2EEC62-7C36-4428-8EE3-1C081B34D4E6}
		{CC74841D-3CA0-444C-BA30-575F2FE0E463} = {B02E6A3F-4EF0-431A-B2AD-15944F159515}
		{2B43567C-84B3-48D1-875F-CF445B498D99} = {BD2EEC62-7C36-4428-8EE3-1C081B34D4E6}
		{2E3A51F6-A7C8-406D-872A-28BBB69CFDCA} = {2B43567C-84B3-48D1-875F-CF445B498D99}
	EndGlobalSection
EndGlobal
